Microsoft Visual Studio Solution File, Format Version 11.00
# Visual Studio 2008

Project("{B1DD9330-70AC-E4A9-8A62-4A8A04909E45}") = "Wonderful&Sadism", "Assembly-CSharp.csproj", "{249B4756-77F4-8F31-712E-214F14197E71}"
EndProject
Project("{B1DD9330-70AC-E4A9-8A62-4A8A04909E45}") = "Wonderful&Sadism", "Assembly-CSharp-Editor.csproj", "{7A1D634A-F2DB-D27E-C56E-072B22CD0499}"
EndProject
Global
	GlobalSection(SolutionConfigurationPlatforms) = preSolution
		Debug|Any CPU = Debug|Any CPU
		Release|Any CPU = Release|Any CPU
	EndGlobalSection
	GlobalSection(ProjectConfigurationPlatforms) = postSolution
		{249B4756-77F4-8F31-712E-214F14197E71}.Debug|Any CPU.ActiveCfg = Debug|Any CPU
		{249B4756-77F4-8F31-712E-214F14197E71}.Debug|Any CPU.Build.0 = Debug|Any CPU
		{249B4756-77F4-8F31-712E-214F14197E71}.Release|Any CPU.ActiveCfg = Release|Any CPU
		{249B4756-77F4-8F31-712E-214F14197E71}.Release|Any CPU.Build.0 = Release|Any CPU
		{7A1D634A-F2DB-D27E-C56E-072B22CD0499}.Debug|Any CPU.ActiveCfg = Debug|Any CPU
		{7A1D634A-F2DB-D27E-C56E-072B22CD0499}.Debug|Any CPU.Build.0 = Debug|Any CPU
		{7A1D634A-F2DB-D27E-C56E-072B22CD0499}.Release|Any CPU.ActiveCfg = Release|Any CPU
		{7A1D634A-F2DB-D27E-C56E-072B22CD0499}.Release|Any CPU.Build.0 = Release|Any CPU
	EndGlobalSection
	GlobalSection(SolutionProperties) = preSolution
		HideSolutionNode = FALSE
	EndGlobalSection
	GlobalSection(MonoDevelopProperties) = preSolution
		StartupItem = Assembly-CSharp.csproj
	EndGlobalSection
EndGlobal
